
Microsoft Visual Studio Solution File, Format Version 12.00
# Visual Studio Version 16
VisualStudioVersion = 16.0.32228.343
MinimumVisualStudioVersion = 10.0.40219.1
Project("{9A19103F-16F7-4668-BE54-9A1E7A4F7556}") = "micros", "micros.csproj", "{A7446BFE-6740-49DF-A65F-B03CAD389E97}"
EndProject
Global
	GlobalSection(SolutionConfigurationPlatforms) = preSolution
		Debug|Any CPU = Debug|Any CPU
		Release|Any CPU = Release|Any CPU
	EndGlobalSection
	GlobalSection(ProjectConfigurationPlatforms) = postSolution
		{A7446BFE-6740-49DF-A65F-B03CAD389E97}.Debug|Any CPU.ActiveCfg = Debug|Any CPU
		{A7446BFE-6740-49DF-A65F-B03CAD389E97}.Debug|Any CPU.Build.0 = Debug|Any CPU
		{A7446BFE-6740-49DF-A65F-B03CAD389E97}.Release|Any CPU.ActiveCfg = Release|Any CPU
		{A7446BFE-6740-49DF-A65F-B03CAD389E97}.Release|Any CPU.Build.0 = Release|Any CPU
	EndGlobalSection
	GlobalSection(SolutionProperties) = preSolution
		HideSolutionNode = FALSE
	EndGlobalSection
	GlobalSection(ExtensibilityGlobals) = postSolution
		SolutionGuid = {760B6A31-BE83-4813-B5C5-4CCD120ABC33}
	EndGlobalSection
EndGlobal
